// !$*UTF8*$!
{
	archiveVersion = 1;
	classes = {
	};
	objectVersion = 56;
	objects = {

/* Begin PBXBuildFile section */
		D275BE492CAC1A6D00C770BC /* MyPizzaOrderSasidurkaApp.swift in Sources */ = {isa = PBXBuildFile; fileRef = D275BE482CAC1A6D00C770BC /* MyPizzaOrderSasidurkaApp.swift */; };
		D275BE4B2CAC1A6D00C770BC /* ContentView.swift in Sources */ = {isa = PBXBuildFile; fileRef = D275BE4A2CAC1A6D00C770BC /* ContentView.swift */; };
		D275BE4D2CAC1A6E00C770BC /* Assets.xcassets in Resources */ = {isa = PBXBuildFile; fileRef = D275BE4C2CAC1A6E00C770BC /* Assets.xcassets */; };
		D275BE502CAC1A6E00C770BC /* Preview Assets.xcassets in Resources */ = {isa = PBXBuildFile; fileRef = D275BE4F2CAC1A6E00C770BC /* Preview Assets.xcassets */; };
		D275BE572CAC1AA700C770BC /* OrderListView.swift in Sources */ = {isa = PBXBuildFile; fileRef = D275BE562CAC1AA700C770BC /* OrderListView.swift */; };
		D2B985DB2CC556A400211483 /* MyPizzaOrderDataModel.xcdatamodeld in Sources */ = {isa = PBXBuildFile; fileRef = D2B985D92CC556A400211483 /* MyPizzaOrderDataModel.xcdatamodeld */; };
		D2B985E12CC6021600211483 /* MyPizzaOrderDataModel.swift in Sources */ = {isa = PBXBuildFile; fileRef = D2B985E02CC6021600211483 /* MyPizzaOrderDataModel.swift */; };
		D2B985EB2CC60AE100211483 /* OrderEntity+CoreDataClass.swift in Sources */ = {isa = PBXBuildFile; fileRef = D2B985E92CC60AE100211483 /* OrderEntity+CoreDataClass.swift */; };
		D2B985EC2CC60AE100211483 /* OrderEntity+CoreDataProperties.swift in Sources */ = {isa = PBXBuildFile; fileRef = D2B985EA2CC60AE100211483 /* OrderEntity+CoreDataProperties.swift */; };
/* End PBXBuildFile section */

/* Begin PBXFileReference section */
		D275BE452CAC1A6D00C770BC /* MyPizzaOrderSasidurka.app */ = {isa = PBXFileReference; explicitFileType = wrapper.application; includeInIndex = 0; path = MyPizzaOrderSasidurka.app; sourceTree = BUILT_PRODUCTS_DIR; };
		D275BE482CAC1A6D00C770BC /* MyPizzaOrderSasidurkaApp.swift */ = {isa = PBXFileReference; lastKnownFileType = sourcecode.swift; path = MyPizzaOrderSasidurkaApp.swift; sourceTree = "<group>"; };
		D275BE4A2CAC1A6D00C770BC /* ContentView.swift */ = {isa = PBXFileReference; lastKnownFileType = sourcecode.swift; path = ContentView.swift; sourceTree = "<group>"; };
		D275BE4C2CAC1A6E00C770BC /* Assets.xcassets */ = {isa = PBXFileReference; lastKnownFileType = folder.assetcatalog; path = Assets.xcassets; sourceTree = "<group>"; };
		D275BE4F2CAC1A6E00C770BC /* Preview Assets.xcassets */ = {isa = PBXFileReference; lastKnownFileType = folder.assetcatalog; path = "Preview Assets.xcassets"; sourceTree = "<group>"; };
		D275BE562CAC1AA700C770BC /* OrderListView.swift */ = {isa = PBXFileReference; lastKnownFileType = sourcecode.swift; path = OrderListView.swift; sourceTree = "<group>"; };
		D2B985DA2CC556A400211483 /* MyPizzaOrderDataModel.xcdatamodel */ = {isa = PBXFileReference; lastKnownFileType = wrapper.xcdatamodel; path = MyPizzaOrderDataModel.xcdatamodel; sourceTree = "<group>"; };
		D2B985E02CC6021600211483 /* MyPizzaOrderDataModel.swift */ = {isa = PBXFileReference; lastKnownFileType = sourcecode.swift; path = MyPizzaOrderDataModel.swift; sourceTree = "<group>"; };
		D2B985E92CC60AE100211483 /* OrderEntity+CoreDataClass.swift */ = {isa = PBXFileReference; lastKnownFileType = sourcecode.swift; path = "OrderEntity+CoreDataClass.swift"; sourceTree = "<group>"; };
		D2B985EA2CC60AE100211483 /* OrderEntity+CoreDataProperties.swift */ = {isa = PBXFileReference; lastKnownFileType = sourcecode.swift; path = "OrderEntity+CoreDataProperties.swift"; sourceTree = "<group>"; };
/* End PBXFileReference section */

/* Begin PBXFrameworksBuildPhase section */
		D275BE422CAC1A6D00C770BC /* Frameworks */ = {
			isa = PBXFrameworksBuildPhase;
			buildActionMask = 2147483647;
			files = (
			);
			runOnlyForDeploymentPostprocessing = 0;
		};
/* End PBXFrameworksBuildPhase section */

/* Begin PBXGroup section */
		D275BE3C2CAC1A6D00C770BC = {
			isa = PBXGroup;
			children = (
				D2B985E92CC60AE100211483 /* OrderEntity+CoreDataClass.swift */,
				D2B985EA2CC60AE100211483 /* OrderEntity+CoreDataProperties.swift */,
				D275BE472CAC1A6D00C770BC /* MyPizzaOrderSasidurka */,
				D275BE462CAC1A6D00C770BC /* Products */,
			);
			sourceTree = "<group>";
		};
		D275BE462CAC1A6D00C770BC /* Products */ = {
			isa = PBXGroup;
			children = (
				D275BE452CAC1A6D00C770BC /* MyPizzaOrderSasidurka.app */,
			);
			name = Products;
			sourceTree = "<group>";
		};
		D275BE472CAC1A6D00C770BC /* MyPizzaOrderSasidurka */ = {
			isa = PBXGroup;
			children = (
				D275BE482CAC1A6D00C770BC /* MyPizzaOrderSasidurkaApp.swift */,
				D275BE4A2CAC1A6D00C770BC /* ContentView.swift */,
				D275BE562CAC1AA700C770BC /* OrderListView.swift */,
				D2B985E02CC6021600211483 /* MyPizzaOrderDataModel.swift */,
				D2B985D92CC556A400211483 /* MyPizzaOrderDataModel.xcdatamodeld */,
				D275BE4C2CAC1A6E00C770BC /* Assets.xcassets */,
				D275BE4E2CAC1A6E00C770BC /* Preview Content */,
			);
			path = MyPizzaOrderSasidurka;
			sourceTree = "<group>";
		};
		D275BE4E2CAC1A6E00C770BC /* Preview Content */ = {
			isa = PBXGroup;
			children = (
				D275BE4F2CAC1A6E00C770BC /* Preview Assets.xcassets */,
			);
			path = "Preview Content";
			sourceTree = "<group>";
		};
/* End PBXGroup section */

/* Begin PBXNativeTarget section */
		D275BE442CAC1A6D00C770BC /* MyPizzaOrderSasidurka */ = {
			isa = PBXNativeTarget;
			buildConfigurationList = D275BE532CAC1A6E00C770BC /* Build configuration list for PBXNativeTarget "MyPizzaOrderSasidurka" */;
			buildPhases = (
				D275BE412CAC1A6D00C770BC /* Sources */,
				D275BE422CAC1A6D00C770BC /* Frameworks */,
				D275BE432CAC1A6D00C770BC /* Resources */,
			);
			buildRules = (
			);
			dependencies = (
			);
			name = MyPizzaOrderSasidurka;
			productName = MyPizzaOrderSasidurka;
			productReference = D275BE452CAC1A6D00C770BC /* MyPizzaOrderSasidurka.app */;
			productType = "com.apple.product-type.application";
		};
/* End PBXNativeTarget section */

/* Begin PBXProject section */
		D275BE3D2CAC1A6D00C770BC /* Project object */ = {
			isa = PBXProject;
			attributes = {
				BuildIndependentTargetsInParallel = 1;
				LastSwiftUpdateCheck = 1520;
				LastUpgradeCheck = 1520;
				TargetAttributes = {
					D275BE442CAC1A6D00C770BC = {
						CreatedOnToolsVersion = 15.2;
					};
				};
			};
			buildConfigurationList = D275BE402CAC1A6D00C770BC /* Build configuration list for PBXProject "MyPizzaOrderSasidurka" */;
			compatibilityVersion = "Xcode 14.0";
			developmentRegion = en;
			hasScannedForEncodings = 0;
			knownRegions = (
				en,
				Base,
			);
			mainGroup = D275BE3C2CAC1A6D00C770BC;
			productRefGroup = D275BE462CAC1A6D00C770BC /* Products */;
			projectDirPath = "";
			projectRoot = "";
			targets = (
				D275BE442CAC1A6D00C770BC /* MyPizzaOrderSasidurka */,
			);
		};
/* End PBXProject section */

/* Begin PBXResourcesBuildPhase section */
		D275BE432CAC1A6D00C770BC /* Resources */ = {
			isa = PBXResourcesBuildPhase;
			buildActionMask = 2147483647;
			files = (
				D275BE502CAC1A6E00C770BC /* Preview Assets.xcassets in Resources */,
				D275BE4D2CAC1A6E00C770BC /* Assets.xcassets in Resources */,
			);
			runOnlyForDeploymentPostprocessing = 0;
		};
/* End PBXResourcesBuildPhase section */

/* Begin PBXSourcesBuildPhase section */
		D275BE412CAC1A6D00C770BC /* Sources */ = {
			isa = PBXSourcesBuildPhase;
			buildActionMask = 2147483647;
			files = (
				D275BE4B2CAC1A6D00C770BC /* ContentView.swift in Sources */,
				D2B985EC2CC60AE100211483 /* OrderEntity+CoreDataProperties.swift in Sources */,
				D2B985DB2CC556A400211483 /* MyPizzaOrderDataModel.xcdatamodeld in Sources */,
				D275BE492CAC1A6D00C770BC /* MyPizzaOrderSasidurkaApp.swift in Sources */,
				D2B985E12CC6021600211483 /* MyPizzaOrderDataModel.swift in Sources */,
				D275BE572CAC1AA700C770BC /* OrderListView.swift in Sources */,
				D2B985EB2CC60AE100211483 /* OrderEntity+CoreDataClass.swift in Sources */,
			);
			runOnlyForDeploymentPostprocessing = 0;
		};
/* End PBXSourcesBuildPhase section */

/* Begin XCBuildConfiguration section */
		D275BE512CAC1A6E00C770BC /* Debug */ = {
			isa = XCBuildConfiguration;
			buildSettings = {
				ALWAYS_SEARCH_USER_PATHS = NO;
				ASSETCATALOG_COMPILER_GENERATE_SWIFT_ASSET_SYMBOL_EXTENSIONS = YES;
				CLANG_ANALYZER_NONNULL = YES;
				CLANG_ANALYZER_NUMBER_OBJECT_CONVERSION = YES_AGGRESSIVE;
				CLANG_CXX_LANGUAGE_STANDARD = "gnu++20";
				CLANG_ENABLE_MODULES = YES;
				CLANG_ENABLE_OBJC_ARC = YES;
				CLANG_ENABLE_OBJC_WEAK = YES;
				CLANG_WARN_BLOCK_CAPTURE_AUTORELEASING = YES;
				CLANG_WARN_BOOL_CONVERSION = YES;
				CLANG_WARN_COMMA = YES;
				CLANG_WARN_CONSTANT_CONVERSION = YES;
				CLANG_WARN_DEPRECATED_OBJC_IMPLEMENTATIONS = YES;
				CLANG_WARN_DIRECT_OBJC_ISA_USAGE = YES_ERROR;
				CLANG_WARN_DOCUMENTATION_COMMENTS = YES;
				CLANG_WARN_EMPTY_BODY = YES;
				CLANG_WARN_ENUM_CONVERSION = YES;
				CLANG_WARN_INFINITE_RECURSION = YES;
				CLANG_WARN_INT_CONVERSION = YES;
				CLANG_WARN_NON_LITERAL_NULL_CONVERSION = YES;
				CLANG_WARN_OBJC_IMPLICIT_RETAIN_SELF = YES;
				CLANG_WARN_OBJC_LITERAL_CONVERSION = YES;
				CLANG_WARN_OBJC_ROOT_CLASS = YES_ERROR;
				CLANG_WARN_QUOTED_INCLUDE_IN_FRAMEWORK_HEADER = YES;
				CLANG_WARN_RANGE_LOOP_ANALYSIS = YES;
				CLANG_WARN_STRICT_PROTOTYPES = YES;
				CLANG_WARN_SUSPICIOUS_MOVE = YES;
				CLANG_WARN_UNGUARDED_AVAILABILITY = YES_AGGRESSIVE;
				CLANG_WARN_UNREACHABLE_CODE = YES;
				CLANG_WARN__DUPLICATE_METHOD_MATCH = YES;
				COPY_PHASE_STRIP = NO;
				DEBUG_INFORMATION_FORMAT = dwarf;
				ENABLE_STRICT_OBJC_MSGSEND = YES;
				ENABLE_TESTABILITY = YES;
				ENABLE_USER_SCRIPT_SANDBOXING = YES;
				GCC_C_LANGUAGE_STANDARD = gnu17;
				GCC_DYNAMIC_NO_PIC = NO;
				GCC_NO_COMMON_BLOCKS = YES;
				GCC_OPTIMIZATION_LEVEL = 0;
				GCC_PREPROCESSOR_DEFINITIONS = (
					"DEBUG=1",
					"$(inherited)",
				);
				GCC_WARN_64_TO_32_BIT_CONVERSION = YES;
				GCC_WARN_ABOUT_RETURN_TYPE = YES_ERROR;
				GCC_WARN_UNDECLARED_SELECTOR = YES;
				GCC_WARN_UNINITIALIZED_AUTOS = YES_AGGRESSIVE;
				GCC_WARN_UNUSED_FUNCTION = YES;
				GCC_WARN_UNUSED_VARIABLE = YES;
				IPHONEOS_DEPLOYMENT_TARGET = 17.2;
				LOCALIZATION_PREFERS_STRING_CATALOGS = YES;
				MTL_ENABLE_DEBUG_INFO = INCLUDE_SOURCE;
				MTL_FAST_MATH = YES;
				ONLY_ACTIVE_ARCH = YES;
				SDKROOT = iphoneos;
				SWIFT_ACTIVE_COMPILATION_CONDITIONS = "DEBUG $(inherited)";
				SWIFT_OPTIMIZATION_LEVEL = "-Onone";
			};
			name = Debug;
		};
		D275BE522CAC1A6E00C770BC /* Release */ = {
			isa = XCBuildConfiguration;
			buildSettings = {
				ALWAYS_SEARCH_USER_PATHS = NO;
				ASSETCATALOG_COMPILER_GENERATE_SWIFT_ASSET_SYMBOL_EXTENSIONS = YES;
				CLANG_ANALYZER_NONNULL = YES;
				CLANG_ANALYZER_NUMBER_OBJECT_CONVERSION = YES_AGGRESSIVE;
				CLANG_CXX_LANGUAGE_STANDARD = "gnu++20";
				CLANG_ENABLE_MODULES = YES;
				CLANG_ENABLE_OBJC_ARC = YES;
				CLANG_ENABLE_OBJC_WEAK = YES;
				CLANG_WARN_BLOCK_CAPTURE_AUTORELEASING = YES;
				CLANG_WARN_BOOL_CONVERSION = YES;
				CLANG_WARN_COMMA = YES;
				CLANG_WARN_CONSTANT_CONVERSION = YES;
				CLANG_WARN_DEPRECATED_OBJC_IMPLEMENTATIONS = YES;
				CLANG_WARN_DIRECT_OBJC_ISA_USAGE = YES_ERROR;
				CLANG_WARN_DOCUMENTATION_COMMENTS = YES;
				CLANG_WARN_EMPTY_BODY = YES;
				CLANG_WARN_ENUM_CONVERSION = YES;
				CLANG_WARN_INFINITE_RECURSION = YES;
				CLANG_WARN_INT_CONVERSION = YES;
				CLANG_WARN_NON_LITERAL_NULL_CONVERSION = YES;
				CLANG_WARN_OBJC_IMPLICIT_RETAIN_SELF = YES;
				CLANG_WARN_OBJC_LITERAL_CONVERSION = YES;
				CLANG_WARN_OBJC_ROOT_CLASS = YES_ERROR;
				CLANG_WARN_QUOTED_INCLUDE_IN_FRAMEWORK_HEADER = YES;
				CLANG_WARN_RANGE_LOOP_ANALYSIS = YES;
				CLANG_WARN_STRICT_PROTOTYPES = YES;
				CLANG_WARN_SUSPICIOUS_MOVE = YES;
				CLANG_WARN_UNGUARDED_AVAILABILITY = YES_AGGRESSIVE;
				CLANG_WARN_UNREACHABLE_CODE = YES;
				CLANG_WARN__DUPLICATE_METHOD_MATCH = YES;
				COPY_PHASE_STRIP = NO;
				DEBUG_INFORMATION_FORMAT = "dwarf-with-dsym";
				ENABLE_NS_ASSERTIONS = NO;
				ENABLE_STRICT_OBJC_MSGSEND = YES;
				ENABLE_USER_SCRIPT_SANDBOXING = YES;
				GCC_C_LANGUAGE_STANDARD = gnu17;
				GCC_NO_COMMON_BLOCKS = YES;
				GCC_WARN_64_TO_32_BIT_CONVERSION = YES;
				GCC_WARN_ABOUT_RETURN_TYPE = YES_ERROR;
				GCC_WARN_UNDECLARED_SELECTOR = YES;
				GCC_WARN_UNINITIALIZED_AUTOS = YES_AGGRESSIVE;
				GCC_WARN_UNUSED_FUNCTION = YES;
				GCC_WARN_UNUSED_VARIABLE = YES;
				IPHONEOS_DEPLOYMENT_TARGET = 17.2;
				LOCALIZATION_PREFERS_STRING_CATALOGS = YES;
				MTL_ENABLE_DEBUG_INFO = NO;
				MTL_FAST_MATH = YES;
				SDKROOT = iphoneos;
				SWIFT_COMPILATION_MODE = wholemodule;
				VALIDATE_PRODUCT = YES;
			};
			name = Release;
		};
		D275BE542CAC1A6E00C770BC /* Debug */ = {
			isa = XCBuildConfiguration;
			buildSettings = {
				ASSETCATALOG_COMPILER_APPICON_NAME = AppIcon;
				ASSETCATALOG_COMPILER_GLOBAL_ACCENT_COLOR_NAME = AccentColor;
				CODE_SIGN_STYLE = Automatic;
				CURRENT_PROJECT_VERSION = 1;
				DEVELOPMENT_ASSET_PATHS = "\"MyPizzaOrderSasidurka/Preview Content\"";
				DEVELOPMENT_TEAM = 574AUK9VYX;
				ENABLE_PREVIEWS = YES;
				GENERATE_INFOPLIST_FILE = YES;
				INFOPLIST_KEY_UIApplicationSceneManifest_Generation = YES;
				INFOPLIST_KEY_UIApplicationSupportsIndirectInputEvents = YES;
				INFOPLIST_KEY_UILaunchScreen_Generation = YES;
				INFOPLIST_KEY_UISupportedInterfaceOrientations_iPad = "UIInterfaceOrientationPortrait UIInterfaceOrientationPortraitUpsideDown UIInterfaceOrientationLandscapeLeft UIInterfaceOrientationLandscapeRight";
				INFOPLIST_KEY_UISupportedInterfaceOrientations_iPhone = "UIInterfaceOrientationPortrait UIInterfaceOrientationLandscapeLeft UIInterfaceOrientationLandscapeRight";
				LD_RUNPATH_SEARCH_PATHS = (
					"$(inherited)",
					"@executable_path/Frameworks",
				);
				MARKETING_VERSION = 1.0;
				PRODUCT_BUNDLE_IDENTIFIER = venkasas.sheridan.MyPizzaOrderSasidurka;
				PRODUCT_NAME = "$(TARGET_NAME)";
				SWIFT_EMIT_LOC_STRINGS = YES;
				SWIFT_VERSION = 5.0;
				TARGETED_DEVICE_FAMILY = "1,2";
			};
			name = Debug;
		};
		D275BE552CAC1A6E00C770BC /* Release */ = {
			isa = XCBuildConfiguration;
			buildSettings = {
				ASSETCATALOG_COMPILER_APPICON_NAME = AppIcon;
				ASSETCATALOG_COMPILER_GLOBAL_ACCENT_COLOR_NAME = AccentColor;
				CODE_SIGN_STYLE = Automatic;
				CURRENT_PROJECT_VERSION = 1;
				DEVELOPMENT_ASSET_PATHS = "\"MyPizzaOrderSasidurka/Preview Content\"";
				DEVELOPMENT_TEAM = 574AUK9VYX;
				ENABLE_PREVIEWS = YES;
				GENERATE_INFOPLIST_FILE = YES;
				INFOPLIST_KEY_UIApplicationSceneManifest_Generation = YES;
				INFOPLIST_KEY_UIApplicationSupportsIndirectInputEvents = YES;
				INFOPLIST_KEY_UILaunchScreen_Generation = YES;
				INFOPLIST_KEY_UISupportedInterfaceOrientations_iPad = "UIInterfaceOrientationPortrait UIInterfaceOrientationPortraitUpsideDown UIInterfaceOrientationLandscapeLeft UIInterfaceOrientationLandscapeRight";
				INFOPLIST_KEY_UISupportedInterfaceOrientations_iPhone = "UIInterfaceOrientationPortrait UIInterfaceOrientationLandscapeLeft UIInterfaceOrientationLandscapeRight";
				LD_RUNPATH_SEARCH_PATHS = (
					"$(inherited)",
					"@executable_path/Frameworks",
				);
				MARKETING_VERSION = 1.0;
				PRODUCT_BUNDLE_IDENTIFIER = venkasas.sheridan.MyPizzaOrderSasidurka;
				PRODUCT_NAME = "$(TARGET_NAME)";
				SWIFT_EMIT_LOC_STRINGS = YES;
				SWIFT_VERSION = 5.0;
				TARGETED_DEVICE_FAMILY = "1,2";
			};
			name = Release;
		};
/* End XCBuildConfiguration section */

/* Begin XCConfigurationList section */
		D275BE402CAC1A6D00C770BC /* Build configuration list for PBXProject "MyPizzaOrderSasidurka" */ = {
			isa = XCConfigurationList;
			buildConfigurations = (
				D275BE512CAC1A6E00C770BC /* Debug */,
				D275BE522CAC1A6E00C770BC /* Release */,
			);
			defaultConfigurationIsVisible = 0;
			defaultConfigurationName = Release;
		};
		D275BE532CAC1A6E00C770BC /* Build configuration list for PBXNativeTarget "MyPizzaOrderSasidurka" */ = {
			isa = XCConfigurationList;
			buildConfigurations = (
				D275BE542CAC1A6E00C770BC /* Debug */,
				D275BE552CAC1A6E00C770BC /* Release */,
			);
			defaultConfigurationIsVisible = 0;
			defaultConfigurationName = Release;
		};
/* End XCConfigurationList section */

/* Begin XCVersionGroup section */
		D2B985D92CC556A400211483 /* MyPizzaOrderDataModel.xcdatamodeld */ = {
			isa = XCVersionGroup;
			children = (
				D2B985DA2CC556A400211483 /* MyPizzaOrderDataModel.xcdatamodel */,
			);
			currentVersion = D2B985DA2CC556A400211483 /* MyPizzaOrderDataModel.xcdatamodel */;
			path = MyPizzaOrderDataModel.xcdatamodeld;
			sourceTree = "<group>";
			versionGroupType = wrapper.xcdatamodel;
		};
/* End XCVersionGroup section */
	};
	rootObject = D275BE3D2CAC1A6D00C770BC /* Project object */;
}
